// !$*UTF8*$!
{
	archiveVersion = 1;
	classes = {
	};
	objectVersion = 55;
	objects = {

/* Begin PBXBuildFile section */
		B24FD6C52993B5C100642558 /* Square.swift in Sources */ = {isa = PBXBuildFile; fileRef = B24FD6C42993B5C100642558 /* Square.swift */; };
		B24FD6C92994089800642558 /* SquaresLaunchScreen.swift in Sources */ = {isa = PBXBuildFile; fileRef = B24FD6C82994089800642558 /* SquaresLaunchScreen.swift */; };
		B25F200529B1FFED0045DDD6 /* NotificationManager.swift in Sources */ = {isa = PBXBuildFile; fileRef = B25F200429B1FFED0045DDD6 /* NotificationManager.swift */; };
		B263FF4E298BA97400F178D7 /* ToDoAppApp.swift in Sources */ = {isa = PBXBuildFile; fileRef = B263FF4D298BA97400F178D7 /* ToDoAppApp.swift */; };
		B263FF50298BA97400F178D7 /* ContentView.swift in Sources */ = {isa = PBXBuildFile; fileRef = B263FF4F298BA97400F178D7 /* ContentView.swift */; };
		B263FF52298BA97900F178D7 /* Assets.xcassets in Resources */ = {isa = PBXBuildFile; fileRef = B263FF51298BA97900F178D7 /* Assets.xcassets */; };
		B263FF55298BA97900F178D7 /* Preview Assets.xcassets in Resources */ = {isa = PBXBuildFile; fileRef = B263FF54298BA97900F178D7 /* Preview Assets.xcassets */; };
		B263FF60298BAAD400F178D7 /* ToDoItem.xcdatamodeld in Sources */ = {isa = PBXBuildFile; fileRef = B263FF5E298BAAD400F178D7 /* ToDoItem.xcdatamodeld */; };
		B263FF62298BAB4800F178D7 /* ToDoVM.swift in Sources */ = {isa = PBXBuildFile; fileRef = B263FF61298BAB4800F178D7 /* ToDoVM.swift */; };
		B263FF65298BBF2100F178D7 /* TasksSection.swift in Sources */ = {isa = PBXBuildFile; fileRef = B263FF64298BBF2100F178D7 /* TasksSection.swift */; };
		B263FF68298BC47700F178D7 /* Color.swift in Sources */ = {isa = PBXBuildFile; fileRef = B263FF67298BC47700F178D7 /* Color.swift */; };
		B263FF6D298CEF2000F178D7 /* AddTaskSection.swift in Sources */ = {isa = PBXBuildFile; fileRef = B263FF6C298CEF2000F178D7 /* AddTaskSection.swift */; };
		B2B855FF29FA82A60007B4F7 /* Header.swift in Sources */ = {isa = PBXBuildFile; fileRef = B2B855FE29FA82A60007B4F7 /* Header.swift */; };
		B2B8560129FA83630007B4F7 /* View.swift in Sources */ = {isa = PBXBuildFile; fileRef = B2B8560029FA83630007B4F7 /* View.swift */; };
		B2B8560329FA86E10007B4F7 /* Date.swift in Sources */ = {isa = PBXBuildFile; fileRef = B2B8560229FA86E10007B4F7 /* Date.swift */; };
		B2B8560529FA88060007B4F7 /* Calendar.swift in Sources */ = {isa = PBXBuildFile; fileRef = B2B8560429FA88060007B4F7 /* Calendar.swift */; };
		B2B856072A0115AA0007B4F7 /* TimeLineView.swift in Sources */ = {isa = PBXBuildFile; fileRef = B2B856062A0115AA0007B4F7 /* TimeLineView.swift */; };
/* End PBXBuildFile section */

/* Begin PBXFileReference section */
		B24FD6C42993B5C100642558 /* Square.swift */ = {isa = PBXFileReference; lastKnownFileType = sourcecode.swift; path = Square.swift; sourceTree = "<group>"; };
		B24FD6C82994089800642558 /* SquaresLaunchScreen.swift */ = {isa = PBXFileReference; lastKnownFileType = sourcecode.swift; path = SquaresLaunchScreen.swift; sourceTree = "<group>"; };
		B25F200429B1FFED0045DDD6 /* NotificationManager.swift */ = {isa = PBXFileReference; lastKnownFileType = sourcecode.swift; path = NotificationManager.swift; sourceTree = "<group>"; };
		B263FF4A298BA97400F178D7 /* ToDoApp.app */ = {isa = PBXFileReference; explicitFileType = wrapper.application; includeInIndex = 0; path = ToDoApp.app; sourceTree = BUILT_PRODUCTS_DIR; };
		B263FF4D298BA97400F178D7 /* ToDoAppApp.swift */ = {isa = PBXFileReference; lastKnownFileType = sourcecode.swift; path = ToDoAppApp.swift; sourceTree = "<group>"; };
		B263FF4F298BA97400F178D7 /* ContentView.swift */ = {isa = PBXFileReference; lastKnownFileType = sourcecode.swift; path = ContentView.swift; sourceTree = "<group>"; };
		B263FF51298BA97900F178D7 /* Assets.xcassets */ = {isa = PBXFileReference; lastKnownFileType = folder.assetcatalog; path = Assets.xcassets; sourceTree = "<group>"; };
		B263FF54298BA97900F178D7 /* Preview Assets.xcassets */ = {isa = PBXFileReference; lastKnownFileType = folder.assetcatalog; path = "Preview Assets.xcassets"; sourceTree = "<group>"; };
		B263FF5F298BAAD400F178D7 /* ToDoItem.xcdatamodel */ = {isa = PBXFileReference; lastKnownFileType = wrapper.xcdatamodel; path = ToDoItem.xcdatamodel; sourceTree = "<group>"; };
		B263FF61298BAB4800F178D7 /* ToDoVM.swift */ = {isa = PBXFileReference; lastKnownFileType = sourcecode.swift; path = ToDoVM.swift; sourceTree = "<group>"; };
		B263FF63298BACBC00F178D7 /* Info.plist */ = {isa = PBXFileReference; lastKnownFileType = text.plist; path = Info.plist; sourceTree = "<group>"; };
		B263FF64298BBF2100F178D7 /* TasksSection.swift */ = {isa = PBXFileReference; lastKnownFileType = sourcecode.swift; path = TasksSection.swift; sourceTree = "<group>"; };
		B263FF67298BC47700F178D7 /* Color.swift */ = {isa = PBXFileReference; lastKnownFileType = sourcecode.swift; path = Color.swift; sourceTree = "<group>"; };
		B263FF6C298CEF2000F178D7 /* AddTaskSection.swift */ = {isa = PBXFileReference; lastKnownFileType = sourcecode.swift; path = AddTaskSection.swift; sourceTree = "<group>"; };
		B2B855FE29FA82A60007B4F7 /* Header.swift */ = {isa = PBXFileReference; lastKnownFileType = sourcecode.swift; path = Header.swift; sourceTree = "<group>"; };
		B2B8560029FA83630007B4F7 /* View.swift */ = {isa = PBXFileReference; lastKnownFileType = sourcecode.swift; path = View.swift; sourceTree = "<group>"; };
		B2B8560229FA86E10007B4F7 /* Date.swift */ = {isa = PBXFileReference; lastKnownFileType = sourcecode.swift; path = Date.swift; sourceTree = "<group>"; };
		B2B8560429FA88060007B4F7 /* Calendar.swift */ = {isa = PBXFileReference; lastKnownFileType = sourcecode.swift; path = Calendar.swift; sourceTree = "<group>"; };
		B2B856062A0115AA0007B4F7 /* TimeLineView.swift */ = {isa = PBXFileReference; lastKnownFileType = sourcecode.swift; path = TimeLineView.swift; sourceTree = "<group>"; };
/* End PBXFileReference section */

/* Begin PBXFrameworksBuildPhase section */
		B263FF47298BA97400F178D7 /* Frameworks */ = {
			isa = PBXFrameworksBuildPhase;
			buildActionMask = 2147483647;
			files = (
			);
			runOnlyForDeploymentPostprocessing = 0;
		};
/* End PBXFrameworksBuildPhase section */

/* Begin PBXGroup section */
		B24FD6BC2993ADB500642558 /* Sections */ = {
			isa = PBXGroup;
			children = (
				B263FF64298BBF2100F178D7 /* TasksSection.swift */,
				B263FF6C298CEF2000F178D7 /* AddTaskSection.swift */,
			);
			path = Sections;
			sourceTree = "<group>";
		};
		B24FD6BD2993B50E00642558 /* LaunchSections */ = {
			isa = PBXGroup;
			children = (
				B24FD6C82994089800642558 /* SquaresLaunchScreen.swift */,
			);
			path = LaunchSections;
			sourceTree = "<group>";
		};
		B24FD6C32993B5B000642558 /* LaunchItems */ = {
			isa = PBXGroup;
			children = (
				B24FD6C42993B5C100642558 /* Square.swift */,
			);
			path = LaunchItems;
			sourceTree = "<group>";
		};
		B263FF41298BA97400F178D7 = {
			isa = PBXGroup;
			children = (
				B263FF4C298BA97400F178D7 /* ToDoApp */,
				B263FF4B298BA97400F178D7 /* Products */,
			);
			sourceTree = "<group>";
		};
		B263FF4B298BA97400F178D7 /* Products */ = {
			isa = PBXGroup;
			children = (
				B263FF4A298BA97400F178D7 /* ToDoApp.app */,
			);
			name = Products;
			sourceTree = "<group>";
		};
		B263FF4C298BA97400F178D7 /* ToDoApp */ = {
			isa = PBXGroup;
			children = (
				B263FF63298BACBC00F178D7 /* Info.plist */,
				B263FF4D298BA97400F178D7 /* ToDoAppApp.swift */,
				B263FF66298BC46900F178D7 /* Extensions */,
				B263FF69298BC63600F178D7 /* Templates */,
				B263FF5B298BA98B00F178D7 /* Model */,
				B263FF5D298BA99A00F178D7 /* View */,
				B263FF5C298BA99300F178D7 /* ViewModel */,
				B263FF51298BA97900F178D7 /* Assets.xcassets */,
				B263FF53298BA97900F178D7 /* Preview Content */,
			);
			path = ToDoApp;
			sourceTree = "<group>";
		};
		B263FF53298BA97900F178D7 /* Preview Content */ = {
			isa = PBXGroup;
			children = (
				B263FF54298BA97900F178D7 /* Preview Assets.xcassets */,
			);
			path = "Preview Content";
			sourceTree = "<group>";
		};
		B263FF5B298BA98B00F178D7 /* Model */ = {
			isa = PBXGroup;
			children = (
				B263FF5E298BAAD400F178D7 /* ToDoItem.xcdatamodeld */,
				B25F200429B1FFED0045DDD6 /* NotificationManager.swift */,
			);
			path = Model;
			sourceTree = "<group>";
		};
		B263FF5C298BA99300F178D7 /* ViewModel */ = {
			isa = PBXGroup;
			children = (
				B263FF61298BAB4800F178D7 /* ToDoVM.swift */,
			);
			path = ViewModel;
			sourceTree = "<group>";
		};
		B263FF5D298BA99A00F178D7 /* View */ = {
			isa = PBXGroup;
			children = (
				B263FF4F298BA97400F178D7 /* ContentView.swift */,
				B24FD6BC2993ADB500642558 /* Sections */,
				B2B855FD29FA82210007B4F7 /* Items */,
				B24FD6BD2993B50E00642558 /* LaunchSections */,
			);
			path = View;
			sourceTree = "<group>";
		};
		B263FF66298BC46900F178D7 /* Extensions */ = {
			isa = PBXGroup;
			children = (
				B263FF67298BC47700F178D7 /* Color.swift */,
				B2B8560029FA83630007B4F7 /* View.swift */,
				B2B8560229FA86E10007B4F7 /* Date.swift */,
				B2B8560429FA88060007B4F7 /* Calendar.swift */,
			);
			path = Extensions;
			sourceTree = "<group>";
		};
		B263FF69298BC63600F178D7 /* Templates */ = {
			isa = PBXGroup;
			children = (
				B24FD6C32993B5B000642558 /* LaunchItems */,
			);
			path = Templates;
			sourceTree = "<group>";
		};
		B2B855FD29FA82210007B4F7 /* Items */ = {
			isa = PBXGroup;
			children = (
				B2B855FE29FA82A60007B4F7 /* Header.swift */,
				B2B856062A0115AA0007B4F7 /* TimeLineView.swift */,
			);
			path = Items;
			sourceTree = "<group>";
		};
/* End PBXGroup section */

/* Begin PBXNativeTarget section */
		B263FF49298BA97400F178D7 /* ToDoApp */ = {
			isa = PBXNativeTarget;
			buildConfigurationList = B263FF58298BA97900F178D7 /* Build configuration list for PBXNativeTarget "ToDoApp" */;
			buildPhases = (
				B263FF46298BA97400F178D7 /* Sources */,
				B263FF47298BA97400F178D7 /* Frameworks */,
				B263FF48298BA97400F178D7 /* Resources */,
			);
			buildRules = (
			);
			dependencies = (
			);
			name = ToDoApp;
			productName = ToDoApp;
			productReference = B263FF4A298BA97400F178D7 /* ToDoApp.app */;
			productType = "com.apple.product-type.application";
		};
/* End PBXNativeTarget section */

/* Begin PBXProject section */
		B263FF42298BA97400F178D7 /* Project object */ = {
			isa = PBXProject;
			attributes = {
				BuildIndependentTargetsInParallel = 1;
				LastSwiftUpdateCheck = 1310;
				LastUpgradeCheck = 1310;
				TargetAttributes = {
					B263FF49298BA97400F178D7 = {
						CreatedOnToolsVersion = 13.1;
					};
				};
			};
			buildConfigurationList = B263FF45298BA97400F178D7 /* Build configuration list for PBXProject "ToDoApp" */;
			compatibilityVersion = "Xcode 13.0";
			developmentRegion = en;
			hasScannedForEncodings = 0;
			knownRegions = (
				en,
				Base,
			);
			mainGroup = B263FF41298BA97400F178D7;
			productRefGroup = B263FF4B298BA97400F178D7 /* Products */;
			projectDirPath = "";
			projectRoot = "";
			targets = (
				B263FF49298BA97400F178D7 /* ToDoApp */,
			);
		};
/* End PBXProject section */

/* Begin PBXResourcesBuildPhase section */
		B263FF48298BA97400F178D7 /* Resources */ = {
			isa = PBXResourcesBuildPhase;
			buildActionMask = 2147483647;
			files = (
				B263FF55298BA97900F178D7 /* Preview Assets.xcassets in Resources */,
				B263FF52298BA97900F178D7 /* Assets.xcassets in Resources */,
			);
			runOnlyForDeploymentPostprocessing = 0;
		};
/* End PBXResourcesBuildPhase section */

/* Begin PBXSourcesBuildPhase section */
		B263FF46298BA97400F178D7 /* Sources */ = {
			isa = PBXSourcesBuildPhase;
			buildActionMask = 2147483647;
			files = (
				B2B8560129FA83630007B4F7 /* View.swift in Sources */,
				B2B8560529FA88060007B4F7 /* Calendar.swift in Sources */,
				B24FD6C52993B5C100642558 /* Square.swift in Sources */,
				B2B856072A0115AA0007B4F7 /* TimeLineView.swift in Sources */,
				B263FF6D298CEF2000F178D7 /* AddTaskSection.swift in Sources */,
				B263FF62298BAB4800F178D7 /* ToDoVM.swift in Sources */,
				B25F200529B1FFED0045DDD6 /* NotificationManager.swift in Sources */,
				B2B8560329FA86E10007B4F7 /* Date.swift in Sources */,
				B263FF50298BA97400F178D7 /* ContentView.swift in Sources */,
				B24FD6C92994089800642558 /* SquaresLaunchScreen.swift in Sources */,
				B263FF60298BAAD400F178D7 /* ToDoItem.xcdatamodeld in Sources */,
				B263FF65298BBF2100F178D7 /* TasksSection.swift in Sources */,
				B2B855FF29FA82A60007B4F7 /* Header.swift in Sources */,
				B263FF4E298BA97400F178D7 /* ToDoAppApp.swift in Sources */,
				B263FF68298BC47700F178D7 /* Color.swift in Sources */,
			);
			runOnlyForDeploymentPostprocessing = 0;
		};
/* End PBXSourcesBuildPhase section */

/* Begin XCBuildConfiguration section */
		B263FF56298BA97900F178D7 /* Debug */ = {
			isa = XCBuildConfiguration;
			buildSettings = {
				ALWAYS_SEARCH_USER_PATHS = NO;
				CLANG_ANALYZER_NONNULL = YES;
				CLANG_ANALYZER_NUMBER_OBJECT_CONVERSION = YES_AGGRESSIVE;
				CLANG_CXX_LANGUAGE_STANDARD = "gnu++17";
				CLANG_CXX_LIBRARY = "libc++";
				CLANG_ENABLE_MODULES = YES;
				CLANG_ENABLE_OBJC_ARC = YES;
				CLANG_ENABLE_OBJC_WEAK = YES;
				CLANG_WARN_BLOCK_CAPTURE_AUTORELEASING = YES;
				CLANG_WARN_BOOL_CONVERSION = YES;
				CLANG_WARN_COMMA = YES;
				CLANG_WARN_CONSTANT_CONVERSION = YES;
				CLANG_WARN_DEPRECATED_OBJC_IMPLEMENTATIONS = YES;
				CLANG_WARN_DIRECT_OBJC_ISA_USAGE = YES_ERROR;
				CLANG_WARN_DOCUMENTATION_COMMENTS = YES;
				CLANG_WARN_EMPTY_BODY = YES;
				CLANG_WARN_ENUM_CONVERSION = YES;
				CLANG_WARN_INFINITE_RECURSION = YES;
				CLANG_WARN_INT_CONVERSION = YES;
				CLANG_WARN_NON_LITERAL_NULL_CONVERSION = YES;
				CLANG_WARN_OBJC_IMPLICIT_RETAIN_SELF = YES;
				CLANG_WARN_OBJC_LITERAL_CONVERSION = YES;
				CLANG_WARN_OBJC_ROOT_CLASS = YES_ERROR;
				CLANG_WARN_QUOTED_INCLUDE_IN_FRAMEWORK_HEADER = YES;
				CLANG_WARN_RANGE_LOOP_ANALYSIS = YES;
				CLANG_WARN_STRICT_PROTOTYPES = YES;
				CLANG_WARN_SUSPICIOUS_MOVE = YES;
				CLANG_WARN_UNGUARDED_AVAILABILITY = YES_AGGRESSIVE;
				CLANG_WARN_UNREACHABLE_CODE = YES;
				CLANG_WARN__DUPLICATE_METHOD_MATCH = YES;
				COPY_PHASE_STRIP = NO;
				DEBUG_INFORMATION_FORMAT = dwarf;
				ENABLE_STRICT_OBJC_MSGSEND = YES;
				ENABLE_TESTABILITY = YES;
				GCC_C_LANGUAGE_STANDARD = gnu11;
				GCC_DYNAMIC_NO_PIC = NO;
				GCC_NO_COMMON_BLOCKS = YES;
				GCC_OPTIMIZATION_LEVEL = 0;
				GCC_PREPROCESSOR_DEFINITIONS = (
					"DEBUG=1",
					"$(inherited)",
				);
				GCC_WARN_64_TO_32_BIT_CONVERSION = YES;
				GCC_WARN_ABOUT_RETURN_TYPE = YES_ERROR;
				GCC_WARN_UNDECLARED_SELECTOR = YES;
				GCC_WARN_UNINITIALIZED_AUTOS = YES_AGGRESSIVE;
				GCC_WARN_UNUSED_FUNCTION = YES;
				GCC_WARN_UNUSED_VARIABLE = YES;
				IPHONEOS_DEPLOYMENT_TARGET = 15.0;
				MTL_ENABLE_DEBUG_INFO = INCLUDE_SOURCE;
				MTL_FAST_MATH = YES;
				ONLY_ACTIVE_ARCH = YES;
				SDKROOT = iphoneos;
				SWIFT_ACTIVE_COMPILATION_CONDITIONS = DEBUG;
				SWIFT_OPTIMIZATION_LEVEL = "-Onone";
			};
			name = Debug;
		};
		B263FF57298BA97900F178D7 /* Release */ = {
			isa = XCBuildConfiguration;
			buildSettings = {
				ALWAYS_SEARCH_USER_PATHS = NO;
				CLANG_ANALYZER_NONNULL = YES;
				CLANG_ANALYZER_NUMBER_OBJECT_CONVERSION = YES_AGGRESSIVE;
				CLANG_CXX_LANGUAGE_STANDARD = "gnu++17";
				CLANG_CXX_LIBRARY = "libc++";
				CLANG_ENABLE_MODULES = YES;
				CLANG_ENABLE_OBJC_ARC = YES;
				CLANG_ENABLE_OBJC_WEAK = YES;
				CLANG_WARN_BLOCK_CAPTURE_AUTORELEASING = YES;
				CLANG_WARN_BOOL_CONVERSION = YES;
				CLANG_WARN_COMMA = YES;
				CLANG_WARN_CONSTANT_CONVERSION = YES;
				CLANG_WARN_DEPRECATED_OBJC_IMPLEMENTATIONS = YES;
				CLANG_WARN_DIRECT_OBJC_ISA_USAGE = YES_ERROR;
				CLANG_WARN_DOCUMENTATION_COMMENTS = YES;
				CLANG_WARN_EMPTY_BODY = YES;
				CLANG_WARN_ENUM_CONVERSION = YES;
				CLANG_WARN_INFINITE_RECURSION = YES;
				CLANG_WARN_INT_CONVERSION = YES;
				CLANG_WARN_NON_LITERAL_NULL_CONVERSION = YES;
				CLANG_WARN_OBJC_IMPLICIT_RETAIN_SELF = YES;
				CLANG_WARN_OBJC_LITERAL_CONVERSION = YES;
				CLANG_WARN_OBJC_ROOT_CLASS = YES_ERROR;
				CLANG_WARN_QUOTED_INCLUDE_IN_FRAMEWORK_HEADER = YES;
				CLANG_WARN_RANGE_LOOP_ANALYSIS = YES;
				CLANG_WARN_STRICT_PROTOTYPES = YES;
				CLANG_WARN_SUSPICIOUS_MOVE = YES;
				CLANG_WARN_UNGUARDED_AVAILABILITY = YES_AGGRESSIVE;
				CLANG_WARN_UNREACHABLE_CODE = YES;
				CLANG_WARN__DUPLICATE_METHOD_MATCH = YES;
				COPY_PHASE_STRIP = NO;
				DEBUG_INFORMATION_FORMAT = "dwarf-with-dsym";
				ENABLE_NS_ASSERTIONS = NO;
				ENABLE_STRICT_OBJC_MSGSEND = YES;
				GCC_C_LANGUAGE_STANDARD = gnu11;
				GCC_NO_COMMON_BLOCKS = YES;
				GCC_WARN_64_TO_32_BIT_CONVERSION = YES;
				GCC_WARN_ABOUT_RETURN_TYPE = YES_ERROR;
				GCC_WARN_UNDECLARED_SELECTOR = YES;
				GCC_WARN_UNINITIALIZED_AUTOS = YES_AGGRESSIVE;
				GCC_WARN_UNUSED_FUNCTION = YES;
				GCC_WARN_UNUSED_VARIABLE = YES;
				IPHONEOS_DEPLOYMENT_TARGET = 15.0;
				MTL_ENABLE_DEBUG_INFO = NO;
				MTL_FAST_MATH = YES;
				SDKROOT = iphoneos;
				SWIFT_COMPILATION_MODE = wholemodule;
				SWIFT_OPTIMIZATION_LEVEL = "-O";
				VALIDATE_PRODUCT = YES;
			};
			name = Release;
		};
		B263FF59298BA97900F178D7 /* Debug */ = {
			isa = XCBuildConfiguration;
			buildSettings = {
				ASSETCATALOG_COMPILER_APPICON_NAME = AppIcon;
				ASSETCATALOG_COMPILER_GLOBAL_ACCENT_COLOR_NAME = AccentColor;
				CODE_SIGN_STYLE = Automatic;
				CURRENT_PROJECT_VERSION = 1;
				DEVELOPMENT_ASSET_PATHS = "\"ToDoApp/Preview Content\"";
				DEVELOPMENT_TEAM = 5NYFDM88FB;
				ENABLE_PREVIEWS = YES;
				GENERATE_INFOPLIST_FILE = YES;
				INFOPLIST_FILE = ToDoApp/Info.plist;
				INFOPLIST_KEY_CFBundleDisplayName = iTasks;
				INFOPLIST_KEY_UIApplicationSceneManifest_Generation = YES;
				INFOPLIST_KEY_UIApplicationSupportsIndirectInputEvents = YES;
				INFOPLIST_KEY_UILaunchScreen_Generation = YES;
				INFOPLIST_KEY_UISupportedInterfaceOrientations_iPad = "UIInterfaceOrientationPortrait UIInterfaceOrientationPortraitUpsideDown UIInterfaceOrientationLandscapeLeft UIInterfaceOrientationLandscapeRight";
				INFOPLIST_KEY_UISupportedInterfaceOrientations_iPhone = "UIInterfaceOrientationPortrait UIInterfaceOrientationLandscapeLeft UIInterfaceOrientationLandscapeRight";
				IPHONEOS_DEPLOYMENT_TARGET = 16.0;
				LD_RUNPATH_SEARCH_PATHS = (
					"$(inherited)",
					"@executable_path/Frameworks",
				);
				MARKETING_VERSION = 1.0;
				PRODUCT_BUNDLE_IDENTIFIER = Milez.org.ru.ToDoApp;
				PRODUCT_NAME = "$(TARGET_NAME)";
				SWIFT_EMIT_LOC_STRINGS = YES;
				SWIFT_VERSION = 5.0;
				TARGETED_DEVICE_FAMILY = "1,2";
			};
			name = Debug;
		};
		B263FF5A298BA97900F178D7 /* Release */ = {
			isa = XCBuildConfiguration;
			buildSettings = {
				ASSETCATALOG_COMPILER_APPICON_NAME = AppIcon;
				ASSETCATALOG_COMPILER_GLOBAL_ACCENT_COLOR_NAME = AccentColor;
				CODE_SIGN_STYLE = Automatic;
				CURRENT_PROJECT_VERSION = 1;
				DEVELOPMENT_ASSET_PATHS = "\"ToDoApp/Preview Content\"";
				DEVELOPMENT_TEAM = 5NYFDM88FB;
				ENABLE_PREVIEWS = YES;
				GENERATE_INFOPLIST_FILE = YES;
				INFOPLIST_FILE = ToDoApp/Info.plist;
				INFOPLIST_KEY_CFBundleDisplayName = iTasks;
				INFOPLIST_KEY_UIApplicationSceneManifest_Generation = YES;
				INFOPLIST_KEY_UIApplicationSupportsIndirectInputEvents = YES;
				INFOPLIST_KEY_UILaunchScreen_Generation = YES;
				INFOPLIST_KEY_UISupportedInterfaceOrientations_iPad = "UIInterfaceOrientationPortrait UIInterfaceOrientationPortraitUpsideDown UIInterfaceOrientationLandscapeLeft UIInterfaceOrientationLandscapeRight";
				INFOPLIST_KEY_UISupportedInterfaceOrientations_iPhone = "UIInterfaceOrientationPortrait UIInterfaceOrientationLandscapeLeft UIInterfaceOrientationLandscapeRight";
				IPHONEOS_DEPLOYMENT_TARGET = 16.0;
				LD_RUNPATH_SEARCH_PATHS = (
					"$(inherited)",
					"@executable_path/Frameworks",
				);
				MARKETING_VERSION = 1.0;
				PRODUCT_BUNDLE_IDENTIFIER = Milez.org.ru.ToDoApp;
				PRODUCT_NAME = "$(TARGET_NAME)";
				SWIFT_EMIT_LOC_STRINGS = YES;
				SWIFT_VERSION = 5.0;
				TARGETED_DEVICE_FAMILY = "1,2";
			};
			name = Release;
		};
/* End XCBuildConfiguration section */

/* Begin XCConfigurationList section */
		B263FF45298BA97400F178D7 /* Build configuration list for PBXProject "ToDoApp" */ = {
			isa = XCConfigurationList;
			buildConfigurations = (
				B263FF56298BA97900F178D7 /* Debug */,
				B263FF57298BA97900F178D7 /* Release */,
			);
			defaultConfigurationIsVisible = 0;
			defaultConfigurationName = Release;
		};
		B263FF58298BA97900F178D7 /* Build configuration list for PBXNativeTarget "ToDoApp" */ = {
			isa = XCConfigurationList;
			buildConfigurations = (
				B263FF59298BA97900F178D7 /* Debug */,
				B263FF5A298BA97900F178D7 /* Release */,
			);
			defaultConfigurationIsVisible = 0;
			defaultConfigurationName = Release;
		};
/* End XCConfigurationList section */

/* Begin XCVersionGroup section */
		B263FF5E298BAAD400F178D7 /* ToDoItem.xcdatamodeld */ = {
			isa = XCVersionGroup;
			children = (
				B263FF5F298BAAD400F178D7 /* ToDoItem.xcdatamodel */,
			);
			currentVersion = B263FF5F298BAAD400F178D7 /* ToDoItem.xcdatamodel */;
			path = ToDoItem.xcdatamodeld;
			sourceTree = "<group>";
			versionGroupType = wrapper.xcdatamodel;
		};
/* End XCVersionGroup section */
	};
	rootObject = B263FF42298BA97400F178D7 /* Project object */;
}
